
Microsoft Visual Studio Solution File, Format Version 12.00
# Visual Studio Version 16
VisualStudioVersion = 16.0.30413.136
MinimumVisualStudioVersion = 10.0.40219.1
Project("{FAE04EC0-301F-11D3-BF4B-00C04F79EFBC}") = "Sauron", "Sauron\Sauron.csproj", "{8336CE33-CDEE-408D-972E-D02C01CFD448}"
EndProject
Project("{FAE04EC0-301F-11D3-BF4B-00C04F79EFBC}") = "EyeOfSauron", "EyeOfSauron\EyeOfSauron.csproj", "{E5098A2E-CE9E-4C19-BEFF-3F0667841FA1}"
EndProject
Global
	GlobalSection(SolutionConfigurationPlatforms) = preSolution
		Debug|Any CPU = Debug|Any CPU
		Debug|x64 = Debug|x64
		Release|Any CPU = Release|Any CPU
		Release|x64 = Release|x64
	EndGlobalSection
	GlobalSection(ProjectConfigurationPlatforms) = postSolution
		{8336CE33-CDEE-408D-972E-D02C01CFD448}.Debug|Any CPU.ActiveCfg = Debug|Any CPU
		{8336CE33-CDEE-408D-972E-D02C01CFD448}.Debug|Any CPU.Build.0 = Debug|Any CPU
		{8336CE33-CDEE-408D-972E-D02C01CFD448}.Debug|x64.ActiveCfg = Debug|Any CPU
		{8336CE33-CDEE-408D-972E-D02C01CFD448}.Debug|x64.Build.0 = Debug|Any CPU
		{8336CE33-CDEE-408D-972E-D02C01CFD448}.Release|Any CPU.ActiveCfg = Release|Any CPU
		{8336CE33-CDEE-408D-972E-D02C01CFD448}.Release|Any CPU.Build.0 = Release|Any CPU
		{8336CE33-CDEE-408D-972E-D02C01CFD448}.Release|x64.ActiveCfg = Release|Any CPU
		{8336CE33-CDEE-408D-972E-D02C01CFD448}.Release|x64.Build.0 = Release|Any CPU
		{E5098A2E-CE9E-4C19-BEFF-3F0667841FA1}.Debug|Any CPU.ActiveCfg = Debug|Any CPU
		{E5098A2E-CE9E-4C19-BEFF-3F0667841FA1}.Debug|Any CPU.Build.0 = Debug|Any CPU
		{E5098A2E-CE9E-4C19-BEFF-3F0667841FA1}.Debug|x64.ActiveCfg = Debug|Any CPU
		{E5098A2E-CE9E-4C19-BEFF-3F0667841FA1}.Debug|x64.Build.0 = Debug|Any CPU
		{E5098A2E-CE9E-4C19-BEFF-3F0667841FA1}.Release|Any CPU.ActiveCfg = Release|Any CPU
		{E5098A2E-CE9E-4C19-BEFF-3F0667841FA1}.Release|Any CPU.Build.0 = Release|Any CPU
		{E5098A2E-CE9E-4C19-BEFF-3F0667841FA1}.Release|x64.ActiveCfg = Release|Any CPU
		{E5098A2E-CE9E-4C19-BEFF-3F0667841FA1}.Release|x64.Build.0 = Release|Any CPU
	EndGlobalSection
	GlobalSection(SolutionProperties) = preSolution
		HideSolutionNode = FALSE
	EndGlobalSection
	GlobalSection(ExtensibilityGlobals) = postSolution
		SolutionGuid = {FF4FFB13-1DBB-44F1-BC6F-AF8FB31ECCAB}
	EndGlobalSection
EndGlobal
