
Microsoft Visual Studio Solution File, Format Version 12.00
# Visual Studio 14
VisualStudioVersion = 14.0.25420.1
MinimumVisualStudioVersion = 10.0.40219.1
Project("{FAE04EC0-301F-11D3-BF4B-00C04F79EFBC}") = "Sauron", "Sauron\Sauron.csproj", "{8336CE33-CDEE-408D-972E-D02C01CFD448}"
	ProjectSection(ProjectDependencies) = postProject
		{2DFDB54C-E35F-4FB8-ABCE-F95BCF57A68F} = {2DFDB54C-E35F-4FB8-ABCE-F95BCF57A68F}
	EndProjectSection
EndProject
Project("{FAE04EC0-301F-11D3-BF4B-00C04F79EFBC}") = "EyeOfSauron", "EyeOfSauron\EyeOfSauron.csproj", "{E5098A2E-CE9E-4C19-BEFF-3F0667841FA1}"
EndProject
Project("{FAE04EC0-301F-11D3-BF4B-00C04F79EFBC}") = "Container", "Container\Container.csproj", "{2DFDB54C-E35F-4FB8-ABCE-F95BCF57A68F}"
EndProject
Project("{FAE04EC0-301F-11D3-BF4B-00C04F79EFBC}") = "test", "test\test.csproj", "{2D5004B7-A209-4565-A294-719541C8F0D4}"
EndProject
Project("{FAE04EC0-301F-11D3-BF4B-00C04F79EFBC}") = "Controler", "Controler\Controler.csproj", "{51603E0B-A637-456D-9A40-2116C50BF463}"
EndProject
Project("{FAE04EC0-301F-11D3-BF4B-00C04F79EFBC}") = "ExamManager", "ExamManager\ExamManager.csproj", "{99399541-F1A9-494A-B976-7D232B690A89}"
EndProject
Project("{FAE04EC0-301F-11D3-BF4B-00C04F79EFBC}") = "ExamManager2", "ExamManager2\ExamManager2.csproj", "{394CC229-312D-4AD1-9B22-6822DD87D1A8}"
EndProject
Global
	GlobalSection(SolutionConfigurationPlatforms) = preSolution
		Debug|Any CPU = Debug|Any CPU
		Debug|x64 = Debug|x64
		Release|Any CPU = Release|Any CPU
		Release|x64 = Release|x64
	EndGlobalSection
	GlobalSection(ProjectConfigurationPlatforms) = postSolution
		{8336CE33-CDEE-408D-972E-D02C01CFD448}.Debug|Any CPU.ActiveCfg = Debug|Any CPU
		{8336CE33-CDEE-408D-972E-D02C01CFD448}.Debug|Any CPU.Build.0 = Debug|Any CPU
		{8336CE33-CDEE-408D-972E-D02C01CFD448}.Debug|x64.ActiveCfg = Debug|Any CPU
		{8336CE33-CDEE-408D-972E-D02C01CFD448}.Debug|x64.Build.0 = Debug|Any CPU
		{8336CE33-CDEE-408D-972E-D02C01CFD448}.Release|Any CPU.ActiveCfg = Release|Any CPU
		{8336CE33-CDEE-408D-972E-D02C01CFD448}.Release|Any CPU.Build.0 = Release|Any CPU
		{8336CE33-CDEE-408D-972E-D02C01CFD448}.Release|x64.ActiveCfg = Release|Any CPU
		{8336CE33-CDEE-408D-972E-D02C01CFD448}.Release|x64.Build.0 = Release|Any CPU
		{E5098A2E-CE9E-4C19-BEFF-3F0667841FA1}.Debug|Any CPU.ActiveCfg = Debug|Any CPU
		{E5098A2E-CE9E-4C19-BEFF-3F0667841FA1}.Debug|Any CPU.Build.0 = Debug|Any CPU
		{E5098A2E-CE9E-4C19-BEFF-3F0667841FA1}.Debug|x64.ActiveCfg = Debug|Any CPU
		{E5098A2E-CE9E-4C19-BEFF-3F0667841FA1}.Debug|x64.Build.0 = Debug|Any CPU
		{E5098A2E-CE9E-4C19-BEFF-3F0667841FA1}.Release|Any CPU.ActiveCfg = Release|Any CPU
		{E5098A2E-CE9E-4C19-BEFF-3F0667841FA1}.Release|Any CPU.Build.0 = Release|Any CPU
		{E5098A2E-CE9E-4C19-BEFF-3F0667841FA1}.Release|x64.ActiveCfg = Release|Any CPU
		{E5098A2E-CE9E-4C19-BEFF-3F0667841FA1}.Release|x64.Build.0 = Release|Any CPU
		{2DFDB54C-E35F-4FB8-ABCE-F95BCF57A68F}.Debug|Any CPU.ActiveCfg = Debug|Any CPU
		{2DFDB54C-E35F-4FB8-ABCE-F95BCF57A68F}.Debug|Any CPU.Build.0 = Debug|Any CPU
		{2DFDB54C-E35F-4FB8-ABCE-F95BCF57A68F}.Debug|x64.ActiveCfg = Debug|Any CPU
		{2DFDB54C-E35F-4FB8-ABCE-F95BCF57A68F}.Debug|x64.Build.0 = Debug|Any CPU
		{2DFDB54C-E35F-4FB8-ABCE-F95BCF57A68F}.Release|Any CPU.ActiveCfg = Release|Any CPU
		{2DFDB54C-E35F-4FB8-ABCE-F95BCF57A68F}.Release|Any CPU.Build.0 = Release|Any CPU
		{2DFDB54C-E35F-4FB8-ABCE-F95BCF57A68F}.Release|x64.ActiveCfg = Release|Any CPU
		{2DFDB54C-E35F-4FB8-ABCE-F95BCF57A68F}.Release|x64.Build.0 = Release|Any CPU
		{2D5004B7-A209-4565-A294-719541C8F0D4}.Debug|Any CPU.ActiveCfg = Debug|Any CPU
		{2D5004B7-A209-4565-A294-719541C8F0D4}.Debug|Any CPU.Build.0 = Debug|Any CPU
		{2D5004B7-A209-4565-A294-719541C8F0D4}.Debug|x64.ActiveCfg = Debug|Any CPU
		{2D5004B7-A209-4565-A294-719541C8F0D4}.Debug|x64.Build.0 = Debug|Any CPU
		{2D5004B7-A209-4565-A294-719541C8F0D4}.Release|Any CPU.ActiveCfg = Release|Any CPU
		{2D5004B7-A209-4565-A294-719541C8F0D4}.Release|Any CPU.Build.0 = Release|Any CPU
		{2D5004B7-A209-4565-A294-719541C8F0D4}.Release|x64.ActiveCfg = Release|Any CPU
		{2D5004B7-A209-4565-A294-719541C8F0D4}.Release|x64.Build.0 = Release|Any CPU
		{51603E0B-A637-456D-9A40-2116C50BF463}.Debug|Any CPU.ActiveCfg = Debug|Any CPU
		{51603E0B-A637-456D-9A40-2116C50BF463}.Debug|Any CPU.Build.0 = Debug|Any CPU
		{51603E0B-A637-456D-9A40-2116C50BF463}.Debug|x64.ActiveCfg = Debug|Any CPU
		{51603E0B-A637-456D-9A40-2116C50BF463}.Debug|x64.Build.0 = Debug|Any CPU
		{51603E0B-A637-456D-9A40-2116C50BF463}.Release|Any CPU.ActiveCfg = Release|Any CPU
		{51603E0B-A637-456D-9A40-2116C50BF463}.Release|Any CPU.Build.0 = Release|Any CPU
		{51603E0B-A637-456D-9A40-2116C50BF463}.Release|x64.ActiveCfg = Release|Any CPU
		{51603E0B-A637-456D-9A40-2116C50BF463}.Release|x64.Build.0 = Release|Any CPU
		{99399541-F1A9-494A-B976-7D232B690A89}.Debug|Any CPU.ActiveCfg = Debug|Any CPU
		{99399541-F1A9-494A-B976-7D232B690A89}.Debug|Any CPU.Build.0 = Debug|Any CPU
		{99399541-F1A9-494A-B976-7D232B690A89}.Debug|x64.ActiveCfg = Debug|Any CPU
		{99399541-F1A9-494A-B976-7D232B690A89}.Debug|x64.Build.0 = Debug|Any CPU
		{99399541-F1A9-494A-B976-7D232B690A89}.Release|Any CPU.ActiveCfg = Release|Any CPU
		{99399541-F1A9-494A-B976-7D232B690A89}.Release|Any CPU.Build.0 = Release|Any CPU
		{99399541-F1A9-494A-B976-7D232B690A89}.Release|x64.ActiveCfg = Release|Any CPU
		{99399541-F1A9-494A-B976-7D232B690A89}.Release|x64.Build.0 = Release|Any CPU
		{394CC229-312D-4AD1-9B22-6822DD87D1A8}.Debug|Any CPU.ActiveCfg = Debug|Any CPU
		{394CC229-312D-4AD1-9B22-6822DD87D1A8}.Debug|Any CPU.Build.0 = Debug|Any CPU
		{394CC229-312D-4AD1-9B22-6822DD87D1A8}.Debug|x64.ActiveCfg = Debug|Any CPU
		{394CC229-312D-4AD1-9B22-6822DD87D1A8}.Debug|x64.Build.0 = Debug|Any CPU
		{394CC229-312D-4AD1-9B22-6822DD87D1A8}.Release|Any CPU.ActiveCfg = Release|Any CPU
		{394CC229-312D-4AD1-9B22-6822DD87D1A8}.Release|Any CPU.Build.0 = Release|Any CPU
		{394CC229-312D-4AD1-9B22-6822DD87D1A8}.Release|x64.ActiveCfg = Release|Any CPU
		{394CC229-312D-4AD1-9B22-6822DD87D1A8}.Release|x64.Build.0 = Release|Any CPU
	EndGlobalSection
	GlobalSection(SolutionProperties) = preSolution
		HideSolutionNode = FALSE
	EndGlobalSection
	GlobalSection(ExtensibilityGlobals) = postSolution
		SolutionGuid = {FF4FFB13-1DBB-44F1-BC6F-AF8FB31ECCAB}
	EndGlobalSection
EndGlobal
